{
  "name": "jsdoc-stock",
  "version": "1.0.0",
  "lockfileVersion": 3,
  "requires": true,
  "packages": {
    "": {
      "name": "jsdoc-stock",
      "version": "1.0.0",
      "devDependencies": {
        "taffydb": "^2.7.3"
      }
    },
    "node_modules/taffydb": {
      "version": "2.7.3",
      "resolved": "https://registry.npmjs.org/taffydb/-/taffydb-2.7.3.tgz",
      "integrity": "sha512-GQ3gtYFSOAxSMN/apGtDKKkbJf+8izz5YfbGqIsUc7AMiQOapARZ76dhilRY2h39cynYxBFdafQo5HUL5vgkrg==",
      "dev": true,
      "license": "BSD-2-Clause"
    }
  }
}
